// !$*UTF8*$!
{
	archiveVersion = 1;
	classes = {
	};
	objectVersion = 56;
	objects = {

/* Begin PBXBuildFile section */
		F7A02A092A052CE000CDB0A3 /* iFitApp.swift in Sources */ = {isa = PBXBuildFile; fileRef = F7A02A082A052CE000CDB0A3 /* iFitApp.swift */; };
		F7A02A0B2A052CE000CDB0A3 /* ContentView.swift in Sources */ = {isa = PBXBuildFile; fileRef = F7A02A0A2A052CE000CDB0A3 /* ContentView.swift */; };
		F7A02A0D2A052CE200CDB0A3 /* Assets.xcassets in Resources */ = {isa = PBXBuildFile; fileRef = F7A02A0C2A052CE200CDB0A3 /* Assets.xcassets */; };
		F7A02A102A052CE200CDB0A3 /* Preview Assets.xcassets in Resources */ = {isa = PBXBuildFile; fileRef = F7A02A0F2A052CE200CDB0A3 /* Preview Assets.xcassets */; };
		F7A02A122A052CE200CDB0A3 /* Persistence.swift in Sources */ = {isa = PBXBuildFile; fileRef = F7A02A112A052CE200CDB0A3 /* Persistence.swift */; };
		F7A02A1F2A05392D00CDB0A3 /* iFitApp.xcdatamodeld in Sources */ = {isa = PBXBuildFile; fileRef = F7A02A1D2A05392C00CDB0A3 /* iFitApp.xcdatamodeld */; };
		F7A02A212A0544B000CDB0A3 /* LoginView.swift in Sources */ = {isa = PBXBuildFile; fileRef = F7A02A202A0544B000CDB0A3 /* LoginView.swift */; };
		F7A02A282A0677F800CDB0A3 /* RegisterView.swift in Sources */ = {isa = PBXBuildFile; fileRef = F7A02A272A0677F800CDB0A3 /* RegisterView.swift */; };
		F7A02A2E2A076F2C00CDB0A3 /* TabBar.swift in Sources */ = {isa = PBXBuildFile; fileRef = F7A02A2D2A076F2C00CDB0A3 /* TabBar.swift */; };
		F7A02A302A07701500CDB0A3 /* PersonView.swift in Sources */ = {isa = PBXBuildFile; fileRef = F7A02A2F2A07701500CDB0A3 /* PersonView.swift */; };
		F7A02A322A0771FD00CDB0A3 /* ImagePicker.swift in Sources */ = {isa = PBXBuildFile; fileRef = F7A02A312A0771FD00CDB0A3 /* ImagePicker.swift */; };
		F7A02A352A07871A00CDB0A3 /* EnvironmentValue.swift in Sources */ = {isa = PBXBuildFile; fileRef = F7A02A342A07871A00CDB0A3 /* EnvironmentValue.swift */; };
/* End PBXBuildFile section */

/* Begin PBXFileReference section */
		F7A02A052A052CE000CDB0A3 /* iFit.app */ = {isa = PBXFileReference; explicitFileType = wrapper.application; includeInIndex = 0; path = iFit.app; sourceTree = BUILT_PRODUCTS_DIR; };
		F7A02A082A052CE000CDB0A3 /* iFitApp.swift */ = {isa = PBXFileReference; lastKnownFileType = sourcecode.swift; path = iFitApp.swift; sourceTree = "<group>"; };
		F7A02A0A2A052CE000CDB0A3 /* ContentView.swift */ = {isa = PBXFileReference; lastKnownFileType = sourcecode.swift; path = ContentView.swift; sourceTree = "<group>"; };
		F7A02A0C2A052CE200CDB0A3 /* Assets.xcassets */ = {isa = PBXFileReference; lastKnownFileType = folder.assetcatalog; path = Assets.xcassets; sourceTree = "<group>"; };
		F7A02A0F2A052CE200CDB0A3 /* Preview Assets.xcassets */ = {isa = PBXFileReference; lastKnownFileType = folder.assetcatalog; path = "Preview Assets.xcassets"; sourceTree = "<group>"; };
		F7A02A112A052CE200CDB0A3 /* Persistence.swift */ = {isa = PBXFileReference; lastKnownFileType = sourcecode.swift; path = Persistence.swift; sourceTree = "<group>"; };
		F7A02A1E2A05392C00CDB0A3 /* Model.xcdatamodel */ = {isa = PBXFileReference; lastKnownFileType = wrapper.xcdatamodel; path = Model.xcdatamodel; sourceTree = "<group>"; };
		F7A02A202A0544B000CDB0A3 /* LoginView.swift */ = {isa = PBXFileReference; lastKnownFileType = sourcecode.swift; path = LoginView.swift; sourceTree = "<group>"; };
		F7A02A272A0677F800CDB0A3 /* RegisterView.swift */ = {isa = PBXFileReference; lastKnownFileType = sourcecode.swift; path = RegisterView.swift; sourceTree = "<group>"; };
		F7A02A2D2A076F2C00CDB0A3 /* TabBar.swift */ = {isa = PBXFileReference; lastKnownFileType = sourcecode.swift; path = TabBar.swift; sourceTree = "<group>"; };
		F7A02A2F2A07701500CDB0A3 /* PersonView.swift */ = {isa = PBXFileReference; lastKnownFileType = sourcecode.swift; path = PersonView.swift; sourceTree = "<group>"; };
		F7A02A312A0771FD00CDB0A3 /* ImagePicker.swift */ = {isa = PBXFileReference; lastKnownFileType = sourcecode.swift; path = ImagePicker.swift; sourceTree = "<group>"; };
		F7A02A342A07871A00CDB0A3 /* EnvironmentValue.swift */ = {isa = PBXFileReference; lastKnownFileType = sourcecode.swift; path = EnvironmentValue.swift; sourceTree = "<group>"; };
/* End PBXFileReference section */

/* Begin PBXFrameworksBuildPhase section */
		F7A02A022A052CE000CDB0A3 /* Frameworks */ = {
			isa = PBXFrameworksBuildPhase;
			buildActionMask = 2147483647;
			files = (
			);
			runOnlyForDeploymentPostprocessing = 0;
		};
/* End PBXFrameworksBuildPhase section */

/* Begin PBXGroup section */
		F7A029FC2A052CE000CDB0A3 = {
			isa = PBXGroup;
			children = (
				F7A02A072A052CE000CDB0A3 /* iFit */,
				F7A02A062A052CE000CDB0A3 /* Products */,
			);
			sourceTree = "<group>";
		};
		F7A02A062A052CE000CDB0A3 /* Products */ = {
			isa = PBXGroup;
			children = (
				F7A02A052A052CE000CDB0A3 /* iFit.app */,
			);
			name = Products;
			sourceTree = "<group>";
		};
		F7A02A072A052CE000CDB0A3 /* iFit */ = {
			isa = PBXGroup;
			children = (
				F7A02A332A0786F300CDB0A3 /* constant */,
				F7A02A222A05453800CDB0A3 /* util */,
				F7A02A1C2A052D2100CDB0A3 /* ui */,
				F7A02A1B2A052D1600CDB0A3 /* entity */,
				F7A02A082A052CE000CDB0A3 /* iFitApp.swift */,
				F7A02A0C2A052CE200CDB0A3 /* Assets.xcassets */,
				F7A02A112A052CE200CDB0A3 /* Persistence.swift */,
				F7A02A0E2A052CE200CDB0A3 /* Preview Content */,
			);
			path = iFit;
			sourceTree = "<group>";
		};
		F7A02A0E2A052CE200CDB0A3 /* Preview Content */ = {
			isa = PBXGroup;
			children = (
				F7A02A0F2A052CE200CDB0A3 /* Preview Assets.xcassets */,
			);
			path = "Preview Content";
			sourceTree = "<group>";
		};
		F7A02A1B2A052D1600CDB0A3 /* entity */ = {
			isa = PBXGroup;
			children = (
				F7A02A1D2A05392C00CDB0A3 /* iFitApp.xcdatamodeld */,
			);
			path = entity;
			sourceTree = "<group>";
		};
		F7A02A1C2A052D2100CDB0A3 /* ui */ = {
			isa = PBXGroup;
			children = (
				F7A02A2C2A076F1800CDB0A3 /* bar */,
				F7A02A2B2A076CF500CDB0A3 /* personal */,
				F7A02A2A2A076CB800CDB0A3 /* starter */,
			);
			path = ui;
			sourceTree = "<group>";
		};
		F7A02A222A05453800CDB0A3 /* util */ = {
			isa = PBXGroup;
			children = (
				F7A02A312A0771FD00CDB0A3 /* ImagePicker.swift */,
			);
			path = util;
			sourceTree = "<group>";
		};
		F7A02A2A2A076CB800CDB0A3 /* starter */ = {
			isa = PBXGroup;
			children = (
				F7A02A0A2A052CE000CDB0A3 /* ContentView.swift */,
				F7A02A202A0544B000CDB0A3 /* LoginView.swift */,
				F7A02A272A0677F800CDB0A3 /* RegisterView.swift */,
			);
			path = starter;
			sourceTree = "<group>";
		};
		F7A02A2B2A076CF500CDB0A3 /* personal */ = {
			isa = PBXGroup;
			children = (
				F7A02A2F2A07701500CDB0A3 /* PersonView.swift */,
			);
			path = personal;
			sourceTree = "<group>";
		};
		F7A02A2C2A076F1800CDB0A3 /* bar */ = {
			isa = PBXGroup;
			children = (
				F7A02A2D2A076F2C00CDB0A3 /* TabBar.swift */,
			);
			path = bar;
			sourceTree = "<group>";
		};
		F7A02A332A0786F300CDB0A3 /* constant */ = {
			isa = PBXGroup;
			children = (
				F7A02A342A07871A00CDB0A3 /* EnvironmentValue.swift */,
			);
			path = constant;
			sourceTree = "<group>";
		};
/* End PBXGroup section */

/* Begin PBXNativeTarget section */
		F7A02A042A052CE000CDB0A3 /* iFit */ = {
			isa = PBXNativeTarget;
			buildConfigurationList = F7A02A182A052CE200CDB0A3 /* Build configuration list for PBXNativeTarget "iFit" */;
			buildPhases = (
				F7A02A012A052CE000CDB0A3 /* Sources */,
				F7A02A022A052CE000CDB0A3 /* Frameworks */,
				F7A02A032A052CE000CDB0A3 /* Resources */,
			);
			buildRules = (
			);
			dependencies = (
			);
			name = iFit;
			productName = iFit;
			productReference = F7A02A052A052CE000CDB0A3 /* iFit.app */;
			productType = "com.apple.product-type.application";
		};
/* End PBXNativeTarget section */

/* Begin PBXProject section */
		F7A029FD2A052CE000CDB0A3 /* Project object */ = {
			isa = PBXProject;
			attributes = {
				BuildIndependentTargetsInParallel = 1;
				LastSwiftUpdateCheck = 1400;
				LastUpgradeCheck = 1400;
				TargetAttributes = {
					F7A02A042A052CE000CDB0A3 = {
						CreatedOnToolsVersion = 14.0;
					};
				};
			};
			buildConfigurationList = F7A02A002A052CE000CDB0A3 /* Build configuration list for PBXProject "iFit" */;
			compatibilityVersion = "Xcode 14.0";
			developmentRegion = en;
			hasScannedForEncodings = 0;
			knownRegions = (
				en,
				Base,
			);
			mainGroup = F7A029FC2A052CE000CDB0A3;
			productRefGroup = F7A02A062A052CE000CDB0A3 /* Products */;
			projectDirPath = "";
			projectRoot = "";
			targets = (
				F7A02A042A052CE000CDB0A3 /* iFit */,
			);
		};
/* End PBXProject section */

/* Begin PBXResourcesBuildPhase section */
		F7A02A032A052CE000CDB0A3 /* Resources */ = {
			isa = PBXResourcesBuildPhase;
			buildActionMask = 2147483647;
			files = (
				F7A02A102A052CE200CDB0A3 /* Preview Assets.xcassets in Resources */,
				F7A02A0D2A052CE200CDB0A3 /* Assets.xcassets in Resources */,
			);
			runOnlyForDeploymentPostprocessing = 0;
		};
/* End PBXResourcesBuildPhase section */

/* Begin PBXSourcesBuildPhase section */
		F7A02A012A052CE000CDB0A3 /* Sources */ = {
			isa = PBXSourcesBuildPhase;
			buildActionMask = 2147483647;
			files = (
				F7A02A212A0544B000CDB0A3 /* LoginView.swift in Sources */,
				F7A02A122A052CE200CDB0A3 /* Persistence.swift in Sources */,
				F7A02A1F2A05392D00CDB0A3 /* iFitApp.xcdatamodeld in Sources */,
				F7A02A322A0771FD00CDB0A3 /* ImagePicker.swift in Sources */,
				F7A02A282A0677F800CDB0A3 /* RegisterView.swift in Sources */,
				F7A02A0B2A052CE000CDB0A3 /* ContentView.swift in Sources */,
				F7A02A302A07701500CDB0A3 /* PersonView.swift in Sources */,
				F7A02A092A052CE000CDB0A3 /* iFitApp.swift in Sources */,
				F7A02A2E2A076F2C00CDB0A3 /* TabBar.swift in Sources */,
				F7A02A352A07871A00CDB0A3 /* EnvironmentValue.swift in Sources */,
			);
			runOnlyForDeploymentPostprocessing = 0;
		};
/* End PBXSourcesBuildPhase section */

/* Begin XCBuildConfiguration section */
		F7A02A162A052CE200CDB0A3 /* Debug */ = {
			isa = XCBuildConfiguration;
			buildSettings = {
				ALWAYS_SEARCH_USER_PATHS = NO;
				CLANG_ANALYZER_NONNULL = YES;
				CLANG_ANALYZER_NUMBER_OBJECT_CONVERSION = YES_AGGRESSIVE;
				CLANG_CXX_LANGUAGE_STANDARD = "gnu++20";
				CLANG_ENABLE_MODULES = YES;
				CLANG_ENABLE_OBJC_ARC = YES;
				CLANG_ENABLE_OBJC_WEAK = YES;
				CLANG_WARN_BLOCK_CAPTURE_AUTORELEASING = YES;
				CLANG_WARN_BOOL_CONVERSION = YES;
				CLANG_WARN_COMMA = YES;
				CLANG_WARN_CONSTANT_CONVERSION = YES;
				CLANG_WARN_DEPRECATED_OBJC_IMPLEMENTATIONS = YES;
				CLANG_WARN_DIRECT_OBJC_ISA_USAGE = YES_ERROR;
				CLANG_WARN_DOCUMENTATION_COMMENTS = YES;
				CLANG_WARN_EMPTY_BODY = YES;
				CLANG_WARN_ENUM_CONVERSION = YES;
				CLANG_WARN_INFINITE_RECURSION = YES;
				CLANG_WARN_INT_CONVERSION = YES;
				CLANG_WARN_NON_LITERAL_NULL_CONVERSION = YES;
				CLANG_WARN_OBJC_IMPLICIT_RETAIN_SELF = YES;
				CLANG_WARN_OBJC_LITERAL_CONVERSION = YES;
				CLANG_WARN_OBJC_ROOT_CLASS = YES_ERROR;
				CLANG_WARN_QUOTED_INCLUDE_IN_FRAMEWORK_HEADER = YES;
				CLANG_WARN_RANGE_LOOP_ANALYSIS = YES;
				CLANG_WARN_STRICT_PROTOTYPES = YES;
				CLANG_WARN_SUSPICIOUS_MOVE = YES;
				CLANG_WARN_UNGUARDED_AVAILABILITY = YES_AGGRESSIVE;
				CLANG_WARN_UNREACHABLE_CODE = YES;
				CLANG_WARN__DUPLICATE_METHOD_MATCH = YES;
				COPY_PHASE_STRIP = NO;
				DEBUG_INFORMATION_FORMAT = dwarf;
				ENABLE_STRICT_OBJC_MSGSEND = YES;
				ENABLE_TESTABILITY = YES;
				GCC_C_LANGUAGE_STANDARD = gnu11;
				GCC_DYNAMIC_NO_PIC = NO;
				GCC_NO_COMMON_BLOCKS = YES;
				GCC_OPTIMIZATION_LEVEL = 0;
				GCC_PREPROCESSOR_DEFINITIONS = (
					"DEBUG=1",
					"$(inherited)",
				);
				GCC_WARN_64_TO_32_BIT_CONVERSION = YES;
				GCC_WARN_ABOUT_RETURN_TYPE = YES_ERROR;
				GCC_WARN_UNDECLARED_SELECTOR = YES;
				GCC_WARN_UNINITIALIZED_AUTOS = YES_AGGRESSIVE;
				GCC_WARN_UNUSED_FUNCTION = YES;
				GCC_WARN_UNUSED_VARIABLE = YES;
				IPHONEOS_DEPLOYMENT_TARGET = 16.0;
				MTL_ENABLE_DEBUG_INFO = INCLUDE_SOURCE;
				MTL_FAST_MATH = YES;
				ONLY_ACTIVE_ARCH = YES;
				SDKROOT = iphoneos;
				SWIFT_ACTIVE_COMPILATION_CONDITIONS = DEBUG;
				SWIFT_OPTIMIZATION_LEVEL = "-Onone";
			};
			name = Debug;
		};
		F7A02A172A052CE200CDB0A3 /* Release */ = {
			isa = XCBuildConfiguration;
			buildSettings = {
				ALWAYS_SEARCH_USER_PATHS = NO;
				CLANG_ANALYZER_NONNULL = YES;
				CLANG_ANALYZER_NUMBER_OBJECT_CONVERSION = YES_AGGRESSIVE;
				CLANG_CXX_LANGUAGE_STANDARD = "gnu++20";
				CLANG_ENABLE_MODULES = YES;
				CLANG_ENABLE_OBJC_ARC = YES;
				CLANG_ENABLE_OBJC_WEAK = YES;
				CLANG_WARN_BLOCK_CAPTURE_AUTORELEASING = YES;
				CLANG_WARN_BOOL_CONVERSION = YES;
				CLANG_WARN_COMMA = YES;
				CLANG_WARN_CONSTANT_CONVERSION = YES;
				CLANG_WARN_DEPRECATED_OBJC_IMPLEMENTATIONS = YES;
				CLANG_WARN_DIRECT_OBJC_ISA_USAGE = YES_ERROR;
				CLANG_WARN_DOCUMENTATION_COMMENTS = YES;
				CLANG_WARN_EMPTY_BODY = YES;
				CLANG_WARN_ENUM_CONVERSION = YES;
				CLANG_WARN_INFINITE_RECURSION = YES;
				CLANG_WARN_INT_CONVERSION = YES;
				CLANG_WARN_NON_LITERAL_NULL_CONVERSION = YES;
				CLANG_WARN_OBJC_IMPLICIT_RETAIN_SELF = YES;
				CLANG_WARN_OBJC_LITERAL_CONVERSION = YES;
				CLANG_WARN_OBJC_ROOT_CLASS = YES_ERROR;
				CLANG_WARN_QUOTED_INCLUDE_IN_FRAMEWORK_HEADER = YES;
				CLANG_WARN_RANGE_LOOP_ANALYSIS = YES;
				CLANG_WARN_STRICT_PROTOTYPES = YES;
				CLANG_WARN_SUSPICIOUS_MOVE = YES;
				CLANG_WARN_UNGUARDED_AVAILABILITY = YES_AGGRESSIVE;
				CLANG_WARN_UNREACHABLE_CODE = YES;
				CLANG_WARN__DUPLICATE_METHOD_MATCH = YES;
				COPY_PHASE_STRIP = NO;
				DEBUG_INFORMATION_FORMAT = "dwarf-with-dsym";
				ENABLE_NS_ASSERTIONS = NO;
				ENABLE_STRICT_OBJC_MSGSEND = YES;
				GCC_C_LANGUAGE_STANDARD = gnu11;
				GCC_NO_COMMON_BLOCKS = YES;
				GCC_WARN_64_TO_32_BIT_CONVERSION = YES;
				GCC_WARN_ABOUT_RETURN_TYPE = YES_ERROR;
				GCC_WARN_UNDECLARED_SELECTOR = YES;
				GCC_WARN_UNINITIALIZED_AUTOS = YES_AGGRESSIVE;
				GCC_WARN_UNUSED_FUNCTION = YES;
				GCC_WARN_UNUSED_VARIABLE = YES;
				IPHONEOS_DEPLOYMENT_TARGET = 16.0;
				MTL_ENABLE_DEBUG_INFO = NO;
				MTL_FAST_MATH = YES;
				SDKROOT = iphoneos;
				SWIFT_COMPILATION_MODE = wholemodule;
				SWIFT_OPTIMIZATION_LEVEL = "-O";
				VALIDATE_PRODUCT = YES;
			};
			name = Release;
		};
		F7A02A192A052CE200CDB0A3 /* Debug */ = {
			isa = XCBuildConfiguration;
			buildSettings = {
				ASSETCATALOG_COMPILER_APPICON_NAME = AppIcon;
				ASSETCATALOG_COMPILER_GLOBAL_ACCENT_COLOR_NAME = AccentColor;
				CODE_SIGN_STYLE = Automatic;
				CURRENT_PROJECT_VERSION = 1;
				DEVELOPMENT_ASSET_PATHS = "\"iFit/Preview Content\"";
				DEVELOPMENT_TEAM = 4972DY293Q;
				ENABLE_PREVIEWS = YES;
				GENERATE_INFOPLIST_FILE = YES;
				INFOPLIST_KEY_UIApplicationSceneManifest_Generation = YES;
				INFOPLIST_KEY_UIApplicationSupportsIndirectInputEvents = YES;
				INFOPLIST_KEY_UILaunchScreen_Generation = YES;
				INFOPLIST_KEY_UISupportedInterfaceOrientations_iPad = "UIInterfaceOrientationPortrait UIInterfaceOrientationPortraitUpsideDown UIInterfaceOrientationLandscapeLeft UIInterfaceOrientationLandscapeRight";
				INFOPLIST_KEY_UISupportedInterfaceOrientations_iPhone = "UIInterfaceOrientationPortrait UIInterfaceOrientationLandscapeLeft UIInterfaceOrientationLandscapeRight";
				LD_RUNPATH_SEARCH_PATHS = (
					"$(inherited)",
					"@executable_path/Frameworks",
				);
				MARKETING_VERSION = 1.0;
				PRODUCT_BUNDLE_IDENTIFIER = com.linorman.swiftlearn.iFit;
				PRODUCT_NAME = "$(TARGET_NAME)";
				SWIFT_EMIT_LOC_STRINGS = YES;
				SWIFT_VERSION = 5.0;
				TARGETED_DEVICE_FAMILY = "1,2";
			};
			name = Debug;
		};
		F7A02A1A2A052CE200CDB0A3 /* Release */ = {
			isa = XCBuildConfiguration;
			buildSettings = {
				ASSETCATALOG_COMPILER_APPICON_NAME = AppIcon;
				ASSETCATALOG_COMPILER_GLOBAL_ACCENT_COLOR_NAME = AccentColor;
				CODE_SIGN_STYLE = Automatic;
				CURRENT_PROJECT_VERSION = 1;
				DEVELOPMENT_ASSET_PATHS = "\"iFit/Preview Content\"";
				DEVELOPMENT_TEAM = 4972DY293Q;
				ENABLE_PREVIEWS = YES;
				GENERATE_INFOPLIST_FILE = YES;
				INFOPLIST_KEY_UIApplicationSceneManifest_Generation = YES;
				INFOPLIST_KEY_UIApplicationSupportsIndirectInputEvents = YES;
				INFOPLIST_KEY_UILaunchScreen_Generation = YES;
				INFOPLIST_KEY_UISupportedInterfaceOrientations_iPad = "UIInterfaceOrientationPortrait UIInterfaceOrientationPortraitUpsideDown UIInterfaceOrientationLandscapeLeft UIInterfaceOrientationLandscapeRight";
				INFOPLIST_KEY_UISupportedInterfaceOrientations_iPhone = "UIInterfaceOrientationPortrait UIInterfaceOrientationLandscapeLeft UIInterfaceOrientationLandscapeRight";
				LD_RUNPATH_SEARCH_PATHS = (
					"$(inherited)",
					"@executable_path/Frameworks",
				);
				MARKETING_VERSION = 1.0;
				PRODUCT_BUNDLE_IDENTIFIER = com.linorman.swiftlearn.iFit;
				PRODUCT_NAME = "$(TARGET_NAME)";
				SWIFT_EMIT_LOC_STRINGS = YES;
				SWIFT_VERSION = 5.0;
				TARGETED_DEVICE_FAMILY = "1,2";
			};
			name = Release;
		};
/* End XCBuildConfiguration section */

/* Begin XCConfigurationList section */
		F7A02A002A052CE000CDB0A3 /* Build configuration list for PBXProject "iFit" */ = {
			isa = XCConfigurationList;
			buildConfigurations = (
				F7A02A162A052CE200CDB0A3 /* Debug */,
				F7A02A172A052CE200CDB0A3 /* Release */,
			);
			defaultConfigurationIsVisible = 0;
			defaultConfigurationName = Release;
		};
		F7A02A182A052CE200CDB0A3 /* Build configuration list for PBXNativeTarget "iFit" */ = {
			isa = XCConfigurationList;
			buildConfigurations = (
				F7A02A192A052CE200CDB0A3 /* Debug */,
				F7A02A1A2A052CE200CDB0A3 /* Release */,
			);
			defaultConfigurationIsVisible = 0;
			defaultConfigurationName = Release;
		};
/* End XCConfigurationList section */

/* Begin XCVersionGroup section */
		F7A02A1D2A05392C00CDB0A3 /* iFitApp.xcdatamodeld */ = {
			isa = XCVersionGroup;
			children = (
				F7A02A1E2A05392C00CDB0A3 /* Model.xcdatamodel */,
			);
			currentVersion = F7A02A1E2A05392C00CDB0A3 /* Model.xcdatamodel */;
			path = iFitApp.xcdatamodeld;
			sourceTree = "<group>";
			versionGroupType = wrapper.xcdatamodel;
		};
/* End XCVersionGroup section */
	};
	rootObject = F7A029FD2A052CE000CDB0A3 /* Project object */;
}
